
Microsoft Visual Studio Solution File, Format Version 12.00
# Visual Studio 15
VisualStudioVersion = 15.0.27703.2026
MinimumVisualStudioVersion = 10.0.40219.1
Project("{FAE04EC0-301F-11D3-BF4B-00C04F79EFBC}") = "LeetCode", "LeetCode\LeetCode.csproj", "{91117BD6-96AD-4DE9-88DC-814F14A1743A}"
EndProject
Global
	GlobalSection(SolutionConfigurationPlatforms) = preSolution
		Debug|Any CPU = Debug|Any CPU
		Release|Any CPU = Release|Any CPU
	EndGlobalSection
	GlobalSection(ProjectConfigurationPlatforms) = postSolution
		{91117BD6-96AD-4DE9-88DC-814F14A1743A}.Debug|Any CPU.ActiveCfg = Debug|Any CPU
		{91117BD6-96AD-4DE9-88DC-814F14A1743A}.Debug|Any CPU.Build.0 = Debug|Any CPU
		{91117BD6-96AD-4DE9-88DC-814F14A1743A}.Release|Any CPU.ActiveCfg = Release|Any CPU
		{91117BD6-96AD-4DE9-88DC-814F14A1743A}.Release|Any CPU.Build.0 = Release|Any CPU
	EndGlobalSection
	GlobalSection(SolutionProperties) = preSolution
		HideSolutionNode = FALSE
	EndGlobalSection
	GlobalSection(ExtensibilityGlobals) = postSolution
		SolutionGuid = {F1389963-7B27-4EF2-968A-FB12EAE5C65D}
	EndGlobalSection
EndGlobal
